
Microsoft Visual Studio Solution File, Format Version 12.00
# Visual Studio Version 17
VisualStudioVersion = 17.2.32630.192
MinimumVisualStudioVersion = 10.0.40219.1
Project("{8BC9CEB8-8B4A-11D0-8D11-00A0C91BC942}") = "p2072", "p2072\p2072.vcxproj", "{490FA76B-576C-4395-A80D-61F276C863FF}"
EndProject
Project("{8BC9CEB8-8B4A-11D0-8D11-00A0C91BC942}") = "p2071", "p2071\p2071.vcxproj", "{C69F4750-FA7F-486D-9350-E14B8EEA8D89}"
EndProject
Project("{8BC9CEB8-8B4A-11D0-8D11-00A0C91BC942}") = "p2070", "p2070\p2070.vcxproj", "{38556A53-9624-4B9F-9749-D9E61665CAE0}"
EndProject
Project("{8BC9CEB8-8B4A-11D0-8D11-00A0C91BC942}") = "p2068", "p2068\p2068.vcxproj", "{9177ECCD-8052-4E5F-B1A4-CC987CFFAA8E}"
EndProject
Project("{8BC9CEB8-8B4A-11D0-8D11-00A0C91BC942}") = "p2063", "p2063\p2063.vcxproj", "{48014B5A-719F-4EE0-BDB1-25AA0F078A22}"
EndProject
Project("{8BC9CEB8-8B4A-11D0-8D11-00A0C91BC942}") = "p2058", "p2058\p2058.vcxproj", "{22089178-6C5A-4A69-A542-32592674E0C5}"
EndProject
Project("{8BC9CEB8-8B4A-11D0-8D11-00A0C91BC942}") = "p2056", "p2056\p2056.vcxproj", "{DFC65D7D-59B7-465F-94D1-FE352C5741C3}"
EndProject
Project("{8BC9CEB8-8B4A-11D0-8D11-00A0C91BC942}") = "p2050", "p205\p205.vcxproj", "{D60F17C4-8713-41F0-B5C5-E7424743F937}"
EndProject
Project("{8BC9CEB8-8B4A-11D0-8D11-00A0C91BC942}") = "p2047", "p2047\p2047.vcxproj", "{073D163D-6E28-4019-9B37-EB77C41288B1}"
EndProject
Project("{8BC9CEB8-8B4A-11D0-8D11-00A0C91BC942}") = "p2046", "p2046\p2046.vcxproj", "{1108D7D5-B5DE-4C57-8E8D-7DA6C2E49226}"
EndProject
Project("{8BC9CEB8-8B4A-11D0-8D11-00A0C91BC942}") = "p2043", "p2043\p2043.vcxproj", "{982206ED-A800-4320-968C-7AE57FCBC068}"
EndProject
Project("{8BC9CEB8-8B4A-11D0-8D11-00A0C91BC942}") = "p2029", "p2029\p2029.vcxproj", "{2F4388C1-CC6B-4FF9-9BA5-A74162EF02C8}"
EndProject
Project("{8BC9CEB8-8B4A-11D0-8D11-00A0C91BC942}") = "p2027", "p2027\p2027.vcxproj", "{54CBAA4C-456C-4F7A-8B67-4704EC6F9BC0}"
EndProject
Project("{8BC9CEB8-8B4A-11D0-8D11-00A0C91BC942}") = "p2025", "p2025\p2025.vcxproj", "{B184AB2E-6FBE-424B-A392-983293F42CBB}"
EndProject
Project("{8BC9CEB8-8B4A-11D0-8D11-00A0C91BC942}") = "p1938", "p1938\p1938.vcxproj", "{AACEEBE6-4F23-4AD2-8167-873FFFA9D84E}"
EndProject
Project("{8BC9CEB8-8B4A-11D0-8D11-00A0C91BC942}") = "p1933", "p1933\p1933.vcxproj", "{334F5A88-5831-4748-8589-3800FC914213}"
EndProject
Project("{8BC9CEB8-8B4A-11D0-8D11-00A0C91BC942}") = "p1936", "p1936\p1936.vcxproj", "{93A9FE86-D136-4347-ADD2-6B7ABE73C34C}"
EndProject
Project("{8BC9CEB8-8B4A-11D0-8D11-00A0C91BC942}") = "p2019", "p2019\p2019.vcxproj", "{AE70716D-6CBA-4F60-A41C-5BB761BEE26A}"
EndProject
Project("{8BC9CEB8-8B4A-11D0-8D11-00A0C91BC942}") = "p1545", "p1545\p1545.vcxproj", "{34ECC307-9433-48D3-997C-F72882A69D78}"
EndProject
Global
	GlobalSection(SolutionConfigurationPlatforms) = preSolution
		Debug|x64 = Debug|x64
		Debug|x86 = Debug|x86
		Release|x64 = Release|x64
		Release|x86 = Release|x86
	EndGlobalSection
	GlobalSection(ProjectConfigurationPlatforms) = postSolution
		{490FA76B-576C-4395-A80D-61F276C863FF}.Debug|x64.ActiveCfg = Debug|x64
		{490FA76B-576C-4395-A80D-61F276C863FF}.Debug|x64.Build.0 = Debug|x64
		{490FA76B-576C-4395-A80D-61F276C863FF}.Debug|x86.ActiveCfg = Debug|Win32
		{490FA76B-576C-4395-A80D-61F276C863FF}.Debug|x86.Build.0 = Debug|Win32
		{490FA76B-576C-4395-A80D-61F276C863FF}.Release|x64.ActiveCfg = Release|x64
		{490FA76B-576C-4395-A80D-61F276C863FF}.Release|x64.Build.0 = Release|x64
		{490FA76B-576C-4395-A80D-61F276C863FF}.Release|x86.ActiveCfg = Release|Win32
		{490FA76B-576C-4395-A80D-61F276C863FF}.Release|x86.Build.0 = Release|Win32
		{C69F4750-FA7F-486D-9350-E14B8EEA8D89}.Debug|x64.ActiveCfg = Debug|x64
		{C69F4750-FA7F-486D-9350-E14B8EEA8D89}.Debug|x64.Build.0 = Debug|x64
		{C69F4750-FA7F-486D-9350-E14B8EEA8D89}.Debug|x86.ActiveCfg = Debug|Win32
		{C69F4750-FA7F-486D-9350-E14B8EEA8D89}.Debug|x86.Build.0 = Debug|Win32
		{C69F4750-FA7F-486D-9350-E14B8EEA8D89}.Release|x64.ActiveCfg = Release|x64
		{C69F4750-FA7F-486D-9350-E14B8EEA8D89}.Release|x64.Build.0 = Release|x64
		{C69F4750-FA7F-486D-9350-E14B8EEA8D89}.Release|x86.ActiveCfg = Release|Win32
		{C69F4750-FA7F-486D-9350-E14B8EEA8D89}.Release|x86.Build.0 = Release|Win32
		{38556A53-9624-4B9F-9749-D9E61665CAE0}.Debug|x64.ActiveCfg = Debug|x64
		{38556A53-9624-4B9F-9749-D9E61665CAE0}.Debug|x64.Build.0 = Debug|x64
		{38556A53-9624-4B9F-9749-D9E61665CAE0}.Debug|x86.ActiveCfg = Debug|Win32
		{38556A53-9624-4B9F-9749-D9E61665CAE0}.Debug|x86.Build.0 = Debug|Win32
		{38556A53-9624-4B9F-9749-D9E61665CAE0}.Release|x64.ActiveCfg = Release|x64
		{38556A53-9624-4B9F-9749-D9E61665CAE0}.Release|x64.Build.0 = Release|x64
		{38556A53-9624-4B9F-9749-D9E61665CAE0}.Release|x86.ActiveCfg = Release|Win32
		{38556A53-9624-4B9F-9749-D9E61665CAE0}.Release|x86.Build.0 = Release|Win32
		{9177ECCD-8052-4E5F-B1A4-CC987CFFAA8E}.Debug|x64.ActiveCfg = Debug|x64
		{9177ECCD-8052-4E5F-B1A4-CC987CFFAA8E}.Debug|x64.Build.0 = Debug|x64
		{9177ECCD-8052-4E5F-B1A4-CC987CFFAA8E}.Debug|x86.ActiveCfg = Debug|Win32
		{9177ECCD-8052-4E5F-B1A4-CC987CFFAA8E}.Debug|x86.Build.0 = Debug|Win32
		{9177ECCD-8052-4E5F-B1A4-CC987CFFAA8E}.Release|x64.ActiveCfg = Release|x64
		{9177ECCD-8052-4E5F-B1A4-CC987CFFAA8E}.Release|x64.Build.0 = Release|x64
		{9177ECCD-8052-4E5F-B1A4-CC987CFFAA8E}.Release|x86.ActiveCfg = Release|Win32
		{9177ECCD-8052-4E5F-B1A4-CC987CFFAA8E}.Release|x86.Build.0 = Release|Win32
		{48014B5A-719F-4EE0-BDB1-25AA0F078A22}.Debug|x64.ActiveCfg = Debug|x64
		{48014B5A-719F-4EE0-BDB1-25AA0F078A22}.Debug|x64.Build.0 = Debug|x64
		{48014B5A-719F-4EE0-BDB1-25AA0F078A22}.Debug|x86.ActiveCfg = Debug|Win32
		{48014B5A-719F-4EE0-BDB1-25AA0F078A22}.Debug|x86.Build.0 = Debug|Win32
		{48014B5A-719F-4EE0-BDB1-25AA0F078A22}.Release|x64.ActiveCfg = Release|x64
		{48014B5A-719F-4EE0-BDB1-25AA0F078A22}.Release|x64.Build.0 = Release|x64
		{48014B5A-719F-4EE0-BDB1-25AA0F078A22}.Release|x86.ActiveCfg = Release|Win32
		{48014B5A-719F-4EE0-BDB1-25AA0F078A22}.Release|x86.Build.0 = Release|Win32
		{22089178-6C5A-4A69-A542-32592674E0C5}.Debug|x64.ActiveCfg = Debug|x64
		{22089178-6C5A-4A69-A542-32592674E0C5}.Debug|x64.Build.0 = Debug|x64
		{22089178-6C5A-4A69-A542-32592674E0C5}.Debug|x86.ActiveCfg = Debug|Win32
		{22089178-6C5A-4A69-A542-32592674E0C5}.Debug|x86.Build.0 = Debug|Win32
		{22089178-6C5A-4A69-A542-32592674E0C5}.Release|x64.ActiveCfg = Release|x64
		{22089178-6C5A-4A69-A542-32592674E0C5}.Release|x64.Build.0 = Release|x64
		{22089178-6C5A-4A69-A542-32592674E0C5}.Release|x86.ActiveCfg = Release|Win32
		{22089178-6C5A-4A69-A542-32592674E0C5}.Release|x86.Build.0 = Release|Win32
		{DFC65D7D-59B7-465F-94D1-FE352C5741C3}.Debug|x64.ActiveCfg = Debug|x64
		{DFC65D7D-59B7-465F-94D1-FE352C5741C3}.Debug|x64.Build.0 = Debug|x64
		{DFC65D7D-59B7-465F-94D1-FE352C5741C3}.Debug|x86.ActiveCfg = Debug|Win32
		{DFC65D7D-59B7-465F-94D1-FE352C5741C3}.Debug|x86.Build.0 = Debug|Win32
		{DFC65D7D-59B7-465F-94D1-FE352C5741C3}.Release|x64.ActiveCfg = Release|x64
		{DFC65D7D-59B7-465F-94D1-FE352C5741C3}.Release|x64.Build.0 = Release|x64
		{DFC65D7D-59B7-465F-94D1-FE352C5741C3}.Release|x86.ActiveCfg = Release|Win32
		{DFC65D7D-59B7-465F-94D1-FE352C5741C3}.Release|x86.Build.0 = Release|Win32
		{D60F17C4-8713-41F0-B5C5-E7424743F937}.Debug|x64.ActiveCfg = Debug|x64
		{D60F17C4-8713-41F0-B5C5-E7424743F937}.Debug|x64.Build.0 = Debug|x64
		{D60F17C4-8713-41F0-B5C5-E7424743F937}.Debug|x86.ActiveCfg = Debug|Win32
		{D60F17C4-8713-41F0-B5C5-E7424743F937}.Debug|x86.Build.0 = Debug|Win32
		{D60F17C4-8713-41F0-B5C5-E7424743F937}.Release|x64.ActiveCfg = Release|x64
		{D60F17C4-8713-41F0-B5C5-E7424743F937}.Release|x64.Build.0 = Release|x64
		{D60F17C4-8713-41F0-B5C5-E7424743F937}.Release|x86.ActiveCfg = Release|Win32
		{D60F17C4-8713-41F0-B5C5-E7424743F937}.Release|x86.Build.0 = Release|Win32
		{073D163D-6E28-4019-9B37-EB77C41288B1}.Debug|x64.ActiveCfg = Debug|x64
		{073D163D-6E28-4019-9B37-EB77C41288B1}.Debug|x64.Build.0 = Debug|x64
		{073D163D-6E28-4019-9B37-EB77C41288B1}.Debug|x86.ActiveCfg = Debug|Win32
		{073D163D-6E28-4019-9B37-EB77C41288B1}.Debug|x86.Build.0 = Debug|Win32
		{073D163D-6E28-4019-9B37-EB77C41288B1}.Release|x64.ActiveCfg = Release|x64
		{073D163D-6E28-4019-9B37-EB77C41288B1}.Release|x64.Build.0 = Release|x64
		{073D163D-6E28-4019-9B37-EB77C41288B1}.Release|x86.ActiveCfg = Release|Win32
		{073D163D-6E28-4019-9B37-EB77C41288B1}.Release|x86.Build.0 = Release|Win32
		{1108D7D5-B5DE-4C57-8E8D-7DA6C2E49226}.Debug|x64.ActiveCfg = Debug|x64
		{1108D7D5-B5DE-4C57-8E8D-7DA6C2E49226}.Debug|x64.Build.0 = Debug|x64
		{1108D7D5-B5DE-4C57-8E8D-7DA6C2E49226}.Debug|x86.ActiveCfg = Debug|Win32
		{1108D7D5-B5DE-4C57-8E8D-7DA6C2E49226}.Debug|x86.Build.0 = Debug|Win32
		{1108D7D5-B5DE-4C57-8E8D-7DA6C2E49226}.Release|x64.ActiveCfg = Release|x64
		{1108D7D5-B5DE-4C57-8E8D-7DA6C2E49226}.Release|x64.Build.0 = Release|x64
		{1108D7D5-B5DE-4C57-8E8D-7DA6C2E49226}.Release|x86.ActiveCfg = Release|Win32
		{1108D7D5-B5DE-4C57-8E8D-7DA6C2E49226}.Release|x86.Build.0 = Release|Win32
		{982206ED-A800-4320-968C-7AE57FCBC068}.Debug|x64.ActiveCfg = Debug|x64
		{982206ED-A800-4320-968C-7AE57FCBC068}.Debug|x64.Build.0 = Debug|x64
		{982206ED-A800-4320-968C-7AE57FCBC068}.Debug|x86.ActiveCfg = Debug|Win32
		{982206ED-A800-4320-968C-7AE57FCBC068}.Debug|x86.Build.0 = Debug|Win32
		{982206ED-A800-4320-968C-7AE57FCBC068}.Release|x64.ActiveCfg = Release|x64
		{982206ED-A800-4320-968C-7AE57FCBC068}.Release|x64.Build.0 = Release|x64
		{982206ED-A800-4320-968C-7AE57FCBC068}.Release|x86.ActiveCfg = Release|Win32
		{982206ED-A800-4320-968C-7AE57FCBC068}.Release|x86.Build.0 = Release|Win32
		{2F4388C1-CC6B-4FF9-9BA5-A74162EF02C8}.Debug|x64.ActiveCfg = Debug|x64
		{2F4388C1-CC6B-4FF9-9BA5-A74162EF02C8}.Debug|x64.Build.0 = Debug|x64
		{2F4388C1-CC6B-4FF9-9BA5-A74162EF02C8}.Debug|x86.ActiveCfg = Debug|Win32
		{2F4388C1-CC6B-4FF9-9BA5-A74162EF02C8}.Debug|x86.Build.0 = Debug|Win32
		{2F4388C1-CC6B-4FF9-9BA5-A74162EF02C8}.Release|x64.ActiveCfg = Release|x64
		{2F4388C1-CC6B-4FF9-9BA5-A74162EF02C8}.Release|x64.Build.0 = Release|x64
		{2F4388C1-CC6B-4FF9-9BA5-A74162EF02C8}.Release|x86.ActiveCfg = Release|Win32
		{2F4388C1-CC6B-4FF9-9BA5-A74162EF02C8}.Release|x86.Build.0 = Release|Win32
		{54CBAA4C-456C-4F7A-8B67-4704EC6F9BC0}.Debug|x64.ActiveCfg = Debug|x64
		{54CBAA4C-456C-4F7A-8B67-4704EC6F9BC0}.Debug|x64.Build.0 = Debug|x64
		{54CBAA4C-456C-4F7A-8B67-4704EC6F9BC0}.Debug|x86.ActiveCfg = Debug|Win32
		{54CBAA4C-456C-4F7A-8B67-4704EC6F9BC0}.Debug|x86.Build.0 = Debug|Win32
		{54CBAA4C-456C-4F7A-8B67-4704EC6F9BC0}.Release|x64.ActiveCfg = Release|x64
		{54CBAA4C-456C-4F7A-8B67-4704EC6F9BC0}.Release|x64.Build.0 = Release|x64
		{54CBAA4C-456C-4F7A-8B67-4704EC6F9BC0}.Release|x86.ActiveCfg = Release|Win32
		{54CBAA4C-456C-4F7A-8B67-4704EC6F9BC0}.Release|x86.Build.0 = Release|Win32
		{B184AB2E-6FBE-424B-A392-983293F42CBB}.Debug|x64.ActiveCfg = Debug|x64
		{B184AB2E-6FBE-424B-A392-983293F42CBB}.Debug|x64.Build.0 = Debug|x64
		{B184AB2E-6FBE-424B-A392-983293F42CBB}.Debug|x86.ActiveCfg = Debug|Win32
		{B184AB2E-6FBE-424B-A392-983293F42CBB}.Debug|x86.Build.0 = Debug|Win32
		{B184AB2E-6FBE-424B-A392-983293F42CBB}.Release|x64.ActiveCfg = Release|x64
		{B184AB2E-6FBE-424B-A392-983293F42CBB}.Release|x64.Build.0 = Release|x64
		{B184AB2E-6FBE-424B-A392-983293F42CBB}.Release|x86.ActiveCfg = Release|Win32
		{B184AB2E-6FBE-424B-A392-983293F42CBB}.Release|x86.Build.0 = Release|Win32
		{AACEEBE6-4F23-4AD2-8167-873FFFA9D84E}.Debug|x64.ActiveCfg = Debug|x64
		{AACEEBE6-4F23-4AD2-8167-873FFFA9D84E}.Debug|x64.Build.0 = Debug|x64
		{AACEEBE6-4F23-4AD2-8167-873FFFA9D84E}.Debug|x86.ActiveCfg = Debug|Win32
		{AACEEBE6-4F23-4AD2-8167-873FFFA9D84E}.Debug|x86.Build.0 = Debug|Win32
		{AACEEBE6-4F23-4AD2-8167-873FFFA9D84E}.Release|x64.ActiveCfg = Release|x64
		{AACEEBE6-4F23-4AD2-8167-873FFFA9D84E}.Release|x64.Build.0 = Release|x64
		{AACEEBE6-4F23-4AD2-8167-873FFFA9D84E}.Release|x86.ActiveCfg = Release|Win32
		{AACEEBE6-4F23-4AD2-8167-873FFFA9D84E}.Release|x86.Build.0 = Release|Win32
		{334F5A88-5831-4748-8589-3800FC914213}.Debug|x64.ActiveCfg = Debug|x64
		{334F5A88-5831-4748-8589-3800FC914213}.Debug|x64.Build.0 = Debug|x64
		{334F5A88-5831-4748-8589-3800FC914213}.Debug|x86.ActiveCfg = Debug|Win32
		{334F5A88-5831-4748-8589-3800FC914213}.Debug|x86.Build.0 = Debug|Win32
		{334F5A88-5831-4748-8589-3800FC914213}.Release|x64.ActiveCfg = Release|x64
		{334F5A88-5831-4748-8589-3800FC914213}.Release|x64.Build.0 = Release|x64
		{334F5A88-5831-4748-8589-3800FC914213}.Release|x86.ActiveCfg = Release|Win32
		{334F5A88-5831-4748-8589-3800FC914213}.Release|x86.Build.0 = Release|Win32
		{93A9FE86-D136-4347-ADD2-6B7ABE73C34C}.Debug|x64.ActiveCfg = Debug|x64
		{93A9FE86-D136-4347-ADD2-6B7ABE73C34C}.Debug|x64.Build.0 = Debug|x64
		{93A9FE86-D136-4347-ADD2-6B7ABE73C34C}.Debug|x86.ActiveCfg = Debug|Win32
		{93A9FE86-D136-4347-ADD2-6B7ABE73C34C}.Debug|x86.Build.0 = Debug|Win32
		{93A9FE86-D136-4347-ADD2-6B7ABE73C34C}.Release|x64.ActiveCfg = Release|x64
		{93A9FE86-D136-4347-ADD2-6B7ABE73C34C}.Release|x64.Build.0 = Release|x64
		{93A9FE86-D136-4347-ADD2-6B7ABE73C34C}.Release|x86.ActiveCfg = Release|Win32
		{93A9FE86-D136-4347-ADD2-6B7ABE73C34C}.Release|x86.Build.0 = Release|Win32
		{AE70716D-6CBA-4F60-A41C-5BB761BEE26A}.Debug|x64.ActiveCfg = Debug|x64
		{AE70716D-6CBA-4F60-A41C-5BB761BEE26A}.Debug|x64.Build.0 = Debug|x64
		{AE70716D-6CBA-4F60-A41C-5BB761BEE26A}.Debug|x86.ActiveCfg = Debug|Win32
		{AE70716D-6CBA-4F60-A41C-5BB761BEE26A}.Debug|x86.Build.0 = Debug|Win32
		{AE70716D-6CBA-4F60-A41C-5BB761BEE26A}.Release|x64.ActiveCfg = Release|x64
		{AE70716D-6CBA-4F60-A41C-5BB761BEE26A}.Release|x64.Build.0 = Release|x64
		{AE70716D-6CBA-4F60-A41C-5BB761BEE26A}.Release|x86.ActiveCfg = Release|Win32
		{AE70716D-6CBA-4F60-A41C-5BB761BEE26A}.Release|x86.Build.0 = Release|Win32
		{34ECC307-9433-48D3-997C-F72882A69D78}.Debug|x64.ActiveCfg = Debug|x64
		{34ECC307-9433-48D3-997C-F72882A69D78}.Debug|x64.Build.0 = Debug|x64
		{34ECC307-9433-48D3-997C-F72882A69D78}.Debug|x86.ActiveCfg = Debug|Win32
		{34ECC307-9433-48D3-997C-F72882A69D78}.Debug|x86.Build.0 = Debug|Win32
		{34ECC307-9433-48D3-997C-F72882A69D78}.Release|x64.ActiveCfg = Release|x64
		{34ECC307-9433-48D3-997C-F72882A69D78}.Release|x64.Build.0 = Release|x64
		{34ECC307-9433-48D3-997C-F72882A69D78}.Release|x86.ActiveCfg = Release|Win32
		{34ECC307-9433-48D3-997C-F72882A69D78}.Release|x86.Build.0 = Release|Win32
	EndGlobalSection
	GlobalSection(SolutionProperties) = preSolution
		HideSolutionNode = FALSE
	EndGlobalSection
	GlobalSection(ExtensibilityGlobals) = postSolution
		SolutionGuid = {A39D0632-E09E-442B-9E69-F067EEBF9EC1}
	EndGlobalSection
EndGlobal
